
Microsoft Visual Studio Solution File, Format Version 12.00
# Visual Studio Version 17
VisualStudioVersion = 17.2.32422.2
MinimumVisualStudioVersion = 10.0.40219.1
Project("{FAE04EC0-301F-11D3-BF4B-00C04F79EFBC}") = "LightNovelHelper", "LightNovelHelper\LightNovelHelper.csproj", "{52C430D3-4EE7-462C-8D6A-3075256F6F95}"
EndProject
Global
	GlobalSection(SolutionConfigurationPlatforms) = preSolution
		Debug|Any CPU = Debug|Any CPU
		Release|Any CPU = Release|Any CPU
	EndGlobalSection
	GlobalSection(ProjectConfigurationPlatforms) = postSolution
		{52C430D3-4EE7-462C-8D6A-3075256F6F95}.Debug|Any CPU.ActiveCfg = Debug|Any CPU
		{52C430D3-4EE7-462C-8D6A-3075256F6F95}.Debug|Any CPU.Build.0 = Debug|Any CPU
		{52C430D3-4EE7-462C-8D6A-3075256F6F95}.Release|Any CPU.ActiveCfg = Release|Any CPU
		{52C430D3-4EE7-462C-8D6A-3075256F6F95}.Release|Any CPU.Build.0 = Release|Any CPU
	EndGlobalSection
	GlobalSection(SolutionProperties) = preSolution
		HideSolutionNode = FALSE
	EndGlobalSection
	GlobalSection(ExtensibilityGlobals) = postSolution
		SolutionGuid = {CB1753F2-C378-4212-90C9-301BC9DD79F5}
	EndGlobalSection
EndGlobal
